// !$*UTF8*$!
{
	archiveVersion = 1;
	classes = {
	};
	objectVersion = 77;
	objects = {

/* Begin PBXBuildFile section */
		C5CF8F682D04901500D891EA /* PanModal in Frameworks */ = {isa = PBXBuildFile; productRef = C5CF8F672D04901500D891EA /* PanModal */; };
/* End PBXBuildFile section */

/* Begin PBXContainerItemProxy section */
		C55546F52D041EED005D5DE9 /* PBXContainerItemProxy */ = {
			isa = PBXContainerItemProxy;
			containerPortal = C55546D62D041EEB005D5DE9 /* Project object */;
			proxyType = 1;
			remoteGlobalIDString = C55546DD2D041EEB005D5DE9;
			remoteInfo = Spotify;
		};
		C55546FF2D041EED005D5DE9 /* PBXContainerItemProxy */ = {
			isa = PBXContainerItemProxy;
			containerPortal = C55546D62D041EEB005D5DE9 /* Project object */;
			proxyType = 1;
			remoteGlobalIDString = C55546DD2D041EEB005D5DE9;
			remoteInfo = Spotify;
		};
/* End PBXContainerItemProxy section */

/* Begin PBXFileReference section */
		C55546DE2D041EEB005D5DE9 /* Spotify.app */ = {isa = PBXFileReference; explicitFileType = wrapper.application; includeInIndex = 0; path = Spotify.app; sourceTree = BUILT_PRODUCTS_DIR; };
		C55546F42D041EED005D5DE9 /* SpotifyTests.xctest */ = {isa = PBXFileReference; explicitFileType = wrapper.cfbundle; includeInIndex = 0; path = SpotifyTests.xctest; sourceTree = BUILT_PRODUCTS_DIR; };
		C55546FE2D041EED005D5DE9 /* SpotifyUITests.xctest */ = {isa = PBXFileReference; explicitFileType = wrapper.cfbundle; includeInIndex = 0; path = SpotifyUITests.xctest; sourceTree = BUILT_PRODUCTS_DIR; };
/* End PBXFileReference section */

/* Begin PBXFileSystemSynchronizedBuildFileExceptionSet section */
		C55547062D041EED005D5DE9 /* Exceptions for "Spotify" folder in "Spotify" target */ = {
			isa = PBXFileSystemSynchronizedBuildFileExceptionSet;
			membershipExceptions = (
				Info.plist,
			);
			target = C55546DD2D041EEB005D5DE9 /* Spotify */;
		};
/* End PBXFileSystemSynchronizedBuildFileExceptionSet section */

/* Begin PBXFileSystemSynchronizedRootGroup section */
		C55546E02D041EEB005D5DE9 /* Spotify */ = {
			isa = PBXFileSystemSynchronizedRootGroup;
			exceptions = (
				C55547062D041EED005D5DE9 /* Exceptions for "Spotify" folder in "Spotify" target */,
			);
			path = Spotify;
			sourceTree = "<group>";
		};
		C55546F72D041EED005D5DE9 /* SpotifyTests */ = {
			isa = PBXFileSystemSynchronizedRootGroup;
			path = SpotifyTests;
			sourceTree = "<group>";
		};
		C55547012D041EED005D5DE9 /* SpotifyUITests */ = {
			isa = PBXFileSystemSynchronizedRootGroup;
			path = SpotifyUITests;
			sourceTree = "<group>";
		};
/* End PBXFileSystemSynchronizedRootGroup section */

/* Begin PBXFrameworksBuildPhase section */
		C55546DB2D041EEB005D5DE9 /* Frameworks */ = {
			isa = PBXFrameworksBuildPhase;
			buildActionMask = 2147483647;
			files = (
				C5CF8F682D04901500D891EA /* PanModal in Frameworks */,
			);
			runOnlyForDeploymentPostprocessing = 0;
		};
		C55546F12D041EED005D5DE9 /* Frameworks */ = {
			isa = PBXFrameworksBuildPhase;
			buildActionMask = 2147483647;
			files = (
			);
			runOnlyForDeploymentPostprocessing = 0;
		};
		C55546FB2D041EED005D5DE9 /* Frameworks */ = {
			isa = PBXFrameworksBuildPhase;
			buildActionMask = 2147483647;
			files = (
			);
			runOnlyForDeploymentPostprocessing = 0;
		};
/* End PBXFrameworksBuildPhase section */

/* Begin PBXGroup section */
		C55546D52D041EEB005D5DE9 = {
			isa = PBXGroup;
			children = (
				C55546E02D041EEB005D5DE9 /* Spotify */,
				C55546F72D041EED005D5DE9 /* SpotifyTests */,
				C55547012D041EED005D5DE9 /* SpotifyUITests */,
				C5CF8F662D04901500D891EA /* Frameworks */,
				C55546DF2D041EEB005D5DE9 /* Products */,
			);
			sourceTree = "<group>";
		};
		C55546DF2D041EEB005D5DE9 /* Products */ = {
			isa = PBXGroup;
			children = (
				C55546DE2D041EEB005D5DE9 /* Spotify.app */,
				C55546F42D041EED005D5DE9 /* SpotifyTests.xctest */,
				C55546FE2D041EED005D5DE9 /* SpotifyUITests.xctest */,
			);
			name = Products;
			sourceTree = "<group>";
		};
		C5CF8F662D04901500D891EA /* Frameworks */ = {
			isa = PBXGroup;
			children = (
			);
			name = Frameworks;
			sourceTree = "<group>";
		};
/* End PBXGroup section */

/* Begin PBXNativeTarget section */
		C55546DD2D041EEB005D5DE9 /* Spotify */ = {
			isa = PBXNativeTarget;
			buildConfigurationList = C55547072D041EED005D5DE9 /* Build configuration list for PBXNativeTarget "Spotify" */;
			buildPhases = (
				C55546DA2D041EEB005D5DE9 /* Sources */,
				C55546DB2D041EEB005D5DE9 /* Frameworks */,
				C55546DC2D041EEB005D5DE9 /* Resources */,
			);
			buildRules = (
			);
			dependencies = (
			);
			fileSystemSynchronizedGroups = (
				C55546E02D041EEB005D5DE9 /* Spotify */,
			);
			name = Spotify;
			packageProductDependencies = (
				C5CF8F672D04901500D891EA /* PanModal */,
			);
			productName = Spotify;
			productReference = C55546DE2D041EEB005D5DE9 /* Spotify.app */;
			productType = "com.apple.product-type.application";
		};
		C55546F32D041EED005D5DE9 /* SpotifyTests */ = {
			isa = PBXNativeTarget;
			buildConfigurationList = C555470C2D041EED005D5DE9 /* Build configuration list for PBXNativeTarget "SpotifyTests" */;
			buildPhases = (
				C55546F02D041EED005D5DE9 /* Sources */,
				C55546F12D041EED005D5DE9 /* Frameworks */,
				C55546F22D041EED005D5DE9 /* Resources */,
			);
			buildRules = (
			);
			dependencies = (
				C55546F62D041EED005D5DE9 /* PBXTargetDependency */,
			);
			fileSystemSynchronizedGroups = (
				C55546F72D041EED005D5DE9 /* SpotifyTests */,
			);
			name = SpotifyTests;
			packageProductDependencies = (
			);
			productName = SpotifyTests;
			productReference = C55546F42D041EED005D5DE9 /* SpotifyTests.xctest */;
			productType = "com.apple.product-type.bundle.unit-test";
		};
		C55546FD2D041EED005D5DE9 /* SpotifyUITests */ = {
			isa = PBXNativeTarget;
			buildConfigurationList = C555470F2D041EED005D5DE9 /* Build configuration list for PBXNativeTarget "SpotifyUITests" */;
			buildPhases = (
				C55546FA2D041EED005D5DE9 /* Sources */,
				C55546FB2D041EED005D5DE9 /* Frameworks */,
				C55546FC2D041EED005D5DE9 /* Resources */,
			);
			buildRules = (
			);
			dependencies = (
				C55547002D041EED005D5DE9 /* PBXTargetDependency */,
			);
			fileSystemSynchronizedGroups = (
				C55547012D041EED005D5DE9 /* SpotifyUITests */,
			);
			name = SpotifyUITests;
			packageProductDependencies = (
			);
			productName = SpotifyUITests;
			productReference = C55546FE2D041EED005D5DE9 /* SpotifyUITests.xctest */;
			productType = "com.apple.product-type.bundle.ui-testing";
		};
/* End PBXNativeTarget section */

/* Begin PBXProject section */
		C55546D62D041EEB005D5DE9 /* Project object */ = {
			isa = PBXProject;
			attributes = {
				BuildIndependentTargetsInParallel = 1;
				LastSwiftUpdateCheck = 1610;
				LastUpgradeCheck = 1610;
				TargetAttributes = {
					C55546DD2D041EEB005D5DE9 = {
						CreatedOnToolsVersion = 16.1;
					};
					C55546F32D041EED005D5DE9 = {
						CreatedOnToolsVersion = 16.1;
						TestTargetID = C55546DD2D041EEB005D5DE9;
					};
					C55546FD2D041EED005D5DE9 = {
						CreatedOnToolsVersion = 16.1;
						TestTargetID = C55546DD2D041EEB005D5DE9;
					};
				};
			};
			buildConfigurationList = C55546D92D041EEB005D5DE9 /* Build configuration list for PBXProject "Spotify" */;
			developmentRegion = en;
			hasScannedForEncodings = 0;
			knownRegions = (
				en,
				Base,
			);
			mainGroup = C55546D52D041EEB005D5DE9;
			minimizedProjectReferenceProxies = 1;
			packageReferences = (
				C5CF8F652D048F6B00D891EA /* XCRemoteSwiftPackageReference "PanModal" */,
			);
			preferredProjectObjectVersion = 77;
			productRefGroup = C55546DF2D041EEB005D5DE9 /* Products */;
			projectDirPath = "";
			projectRoot = "";
			targets = (
				C55546DD2D041EEB005D5DE9 /* Spotify */,
				C55546F32D041EED005D5DE9 /* SpotifyTests */,
				C55546FD2D041EED005D5DE9 /* SpotifyUITests */,
			);
		};
/* End PBXProject section */

/* Begin PBXResourcesBuildPhase section */
		C55546DC2D041EEB005D5DE9 /* Resources */ = {
			isa = PBXResourcesBuildPhase;
			buildActionMask = 2147483647;
			files = (
			);
			runOnlyForDeploymentPostprocessing = 0;
		};
		C55546F22D041EED005D5DE9 /* Resources */ = {
			isa = PBXResourcesBuildPhase;
			buildActionMask = 2147483647;
			files = (
			);
			runOnlyForDeploymentPostprocessing = 0;
		};
		C55546FC2D041EED005D5DE9 /* Resources */ = {
			isa = PBXResourcesBuildPhase;
			buildActionMask = 2147483647;
			files = (
			);
			runOnlyForDeploymentPostprocessing = 0;
		};
/* End PBXResourcesBuildPhase section */

/* Begin PBXSourcesBuildPhase section */
		C55546DA2D041EEB005D5DE9 /* Sources */ = {
			isa = PBXSourcesBuildPhase;
			buildActionMask = 2147483647;
			files = (
			);
			runOnlyForDeploymentPostprocessing = 0;
		};
		C55546F02D041EED005D5DE9 /* Sources */ = {
			isa = PBXSourcesBuildPhase;
			buildActionMask = 2147483647;
			files = (
			);
			runOnlyForDeploymentPostprocessing = 0;
		};
		C55546FA2D041EED005D5DE9 /* Sources */ = {
			isa = PBXSourcesBuildPhase;
			buildActionMask = 2147483647;
			files = (
			);
			runOnlyForDeploymentPostprocessing = 0;
		};
/* End PBXSourcesBuildPhase section */

/* Begin PBXTargetDependency section */
		C55546F62D041EED005D5DE9 /* PBXTargetDependency */ = {
			isa = PBXTargetDependency;
			target = C55546DD2D041EEB005D5DE9 /* Spotify */;
			targetProxy = C55546F52D041EED005D5DE9 /* PBXContainerItemProxy */;
		};
		C55547002D041EED005D5DE9 /* PBXTargetDependency */ = {
			isa = PBXTargetDependency;
			target = C55546DD2D041EEB005D5DE9 /* Spotify */;
			targetProxy = C55546FF2D041EED005D5DE9 /* PBXContainerItemProxy */;
		};
/* End PBXTargetDependency section */

/* Begin XCBuildConfiguration section */
		C55547082D041EED005D5DE9 /* Debug */ = {
			isa = XCBuildConfiguration;
			buildSettings = {
				ASSETCATALOG_COMPILER_APPICON_NAME = AppIcon;
				ASSETCATALOG_COMPILER_GLOBAL_ACCENT_COLOR_NAME = AccentColor;
				CODE_SIGN_STYLE = Automatic;
				CURRENT_PROJECT_VERSION = 1;
				GENERATE_INFOPLIST_FILE = YES;
				INFOPLIST_FILE = Spotify/Info.plist;
				INFOPLIST_KEY_UIApplicationSupportsIndirectInputEvents = YES;
				INFOPLIST_KEY_UILaunchStoryboardName = LaunchScreen;
				INFOPLIST_KEY_UIMainStoryboardFile = Main;
				INFOPLIST_KEY_UISupportedInterfaceOrientations_iPad = "UIInterfaceOrientationPortrait UIInterfaceOrientationPortraitUpsideDown UIInterfaceOrientationLandscapeLeft UIInterfaceOrientationLandscapeRight";
				INFOPLIST_KEY_UISupportedInterfaceOrientations_iPhone = "UIInterfaceOrientationPortrait UIInterfaceOrientationLandscapeLeft UIInterfaceOrientationLandscapeRight";
				LD_RUNPATH_SEARCH_PATHS = (
					"$(inherited)",
					"@executable_path/Frameworks",
				);
				MARKETING_VERSION = 1.0;
				PRODUCT_BUNDLE_IDENTIFIER = com.techcraft.Spotify;
				PRODUCT_NAME = "$(TARGET_NAME)";
				SWIFT_EMIT_LOC_STRINGS = YES;
				SWIFT_VERSION = 5.0;
				TARGETED_DEVICE_FAMILY = "1,2";
			};
			name = Debug;
		};
		C55547092D041EED005D5DE9 /* Release */ = {
			isa = XCBuildConfiguration;
			buildSettings = {
				ASSETCATALOG_COMPILER_APPICON_NAME = AppIcon;
				ASSETCATALOG_COMPILER_GLOBAL_ACCENT_COLOR_NAME = AccentColor;
				CODE_SIGN_STYLE = Automatic;
				CURRENT_PROJECT_VERSION = 1;
				GENERATE_INFOPLIST_FILE = YES;
				INFOPLIST_FILE = Spotify/Info.plist;
				INFOPLIST_KEY_UIApplicationSupportsIndirectInputEvents = YES;
				INFOPLIST_KEY_UILaunchStoryboardName = LaunchScreen;
				INFOPLIST_KEY_UIMainStoryboardFile = Main;
				INFOPLIST_KEY_UISupportedInterfaceOrientations_iPad = "UIInterfaceOrientationPortrait UIInterfaceOrientationPortraitUpsideDown UIInterfaceOrientationLandscapeLeft UIInterfaceOrientationLandscapeRight";
				INFOPLIST_KEY_UISupportedInterfaceOrientations_iPhone = "UIInterfaceOrientationPortrait UIInterfaceOrientationLandscapeLeft UIInterfaceOrientationLandscapeRight";
				LD_RUNPATH_SEARCH_PATHS = (
					"$(inherited)",
					"@executable_path/Frameworks",
				);
				MARKETING_VERSION = 1.0;
				PRODUCT_BUNDLE_IDENTIFIER = com.techcraft.Spotify;
				PRODUCT_NAME = "$(TARGET_NAME)";
				SWIFT_EMIT_LOC_STRINGS = YES;
				SWIFT_VERSION = 5.0;
				TARGETED_DEVICE_FAMILY = "1,2";
			};
			name = Release;
		};
		C555470A2D041EED005D5DE9 /* Debug */ = {
			isa = XCBuildConfiguration;
			buildSettings = {
				ALWAYS_SEARCH_USER_PATHS = NO;
				ASSETCATALOG_COMPILER_GENERATE_SWIFT_ASSET_SYMBOL_EXTENSIONS = YES;
				CLANG_ANALYZER_NONNULL = YES;
				CLANG_ANALYZER_NUMBER_OBJECT_CONVERSION = YES_AGGRESSIVE;
				CLANG_CXX_LANGUAGE_STANDARD = "gnu++20";
				CLANG_ENABLE_MODULES = YES;
				CLANG_ENABLE_OBJC_ARC = YES;
				CLANG_ENABLE_OBJC_WEAK = YES;
				CLANG_WARN_BLOCK_CAPTURE_AUTORELEASING = YES;
				CLANG_WARN_BOOL_CONVERSION = YES;
				CLANG_WARN_COMMA = YES;
				CLANG_WARN_CONSTANT_CONVERSION = YES;
				CLANG_WARN_DEPRECATED_OBJC_IMPLEMENTATIONS = YES;
				CLANG_WARN_DIRECT_OBJC_ISA_USAGE = YES_ERROR;
				CLANG_WARN_DOCUMENTATION_COMMENTS = YES;
				CLANG_WARN_EMPTY_BODY = YES;
				CLANG_WARN_ENUM_CONVERSION = YES;
				CLANG_WARN_INFINITE_RECURSION = YES;
				CLANG_WARN_INT_CONVERSION = YES;
				CLANG_WARN_NON_LITERAL_NULL_CONVERSION = YES;
				CLANG_WARN_OBJC_IMPLICIT_RETAIN_SELF = YES;
				CLANG_WARN_OBJC_LITERAL_CONVERSION = YES;
				CLANG_WARN_OBJC_ROOT_CLASS = YES_ERROR;
				CLANG_WARN_QUOTED_INCLUDE_IN_FRAMEWORK_HEADER = YES;
				CLANG_WARN_RANGE_LOOP_ANALYSIS = YES;
				CLANG_WARN_STRICT_PROTOTYPES = YES;
				CLANG_WARN_SUSPICIOUS_MOVE = YES;
				CLANG_WARN_UNGUARDED_AVAILABILITY = YES_AGGRESSIVE;
				CLANG_WARN_UNREACHABLE_CODE = YES;
				CLANG_WARN__DUPLICATE_METHOD_MATCH = YES;
				COPY_PHASE_STRIP = NO;
				DEBUG_INFORMATION_FORMAT = dwarf;
				ENABLE_STRICT_OBJC_MSGSEND = YES;
				ENABLE_TESTABILITY = YES;
				ENABLE_USER_SCRIPT_SANDBOXING = YES;
				GCC_C_LANGUAGE_STANDARD = gnu17;
				GCC_DYNAMIC_NO_PIC = NO;
				GCC_NO_COMMON_BLOCKS = YES;
				GCC_OPTIMIZATION_LEVEL = 0;
				GCC_PREPROCESSOR_DEFINITIONS = (
					"DEBUG=1",
					"$(inherited)",
				);
				GCC_WARN_64_TO_32_BIT_CONVERSION = YES;
				GCC_WARN_ABOUT_RETURN_TYPE = YES_ERROR;
				GCC_WARN_UNDECLARED_SELECTOR = YES;
				GCC_WARN_UNINITIALIZED_AUTOS = YES_AGGRESSIVE;
				GCC_WARN_UNUSED_FUNCTION = YES;
				GCC_WARN_UNUSED_VARIABLE = YES;
				IPHONEOS_DEPLOYMENT_TARGET = 18.1;
				LOCALIZATION_PREFERS_STRING_CATALOGS = YES;
				MTL_ENABLE_DEBUG_INFO = INCLUDE_SOURCE;
				MTL_FAST_MATH = YES;
				ONLY_ACTIVE_ARCH = YES;
				SDKROOT = iphoneos;
				SWIFT_ACTIVE_COMPILATION_CONDITIONS = "DEBUG $(inherited)";
				SWIFT_OPTIMIZATION_LEVEL = "-Onone";
			};
			name = Debug;
		};
		C555470B2D041EED005D5DE9 /* Release */ = {
			isa = XCBuildConfiguration;
			buildSettings = {
				ALWAYS_SEARCH_USER_PATHS = NO;
				ASSETCATALOG_COMPILER_GENERATE_SWIFT_ASSET_SYMBOL_EXTENSIONS = YES;
				CLANG_ANALYZER_NONNULL = YES;
				CLANG_ANALYZER_NUMBER_OBJECT_CONVERSION = YES_AGGRESSIVE;
				CLANG_CXX_LANGUAGE_STANDARD = "gnu++20";
				CLANG_ENABLE_MODULES = YES;
				CLANG_ENABLE_OBJC_ARC = YES;
				CLANG_ENABLE_OBJC_WEAK = YES;
				CLANG_WARN_BLOCK_CAPTURE_AUTORELEASING = YES;
				CLANG_WARN_BOOL_CONVERSION = YES;
				CLANG_WARN_COMMA = YES;
				CLANG_WARN_CONSTANT_CONVERSION = YES;
				CLANG_WARN_DEPRECATED_OBJC_IMPLEMENTATIONS = YES;
				CLANG_WARN_DIRECT_OBJC_ISA_USAGE = YES_ERROR;
				CLANG_WARN_DOCUMENTATION_COMMENTS = YES;
				CLANG_WARN_EMPTY_BODY = YES;
				CLANG_WARN_ENUM_CONVERSION = YES;
				CLANG_WARN_INFINITE_RECURSION = YES;
				CLANG_WARN_INT_CONVERSION = YES;
				CLANG_WARN_NON_LITERAL_NULL_CONVERSION = YES;
				CLANG_WARN_OBJC_IMPLICIT_RETAIN_SELF = YES;
				CLANG_WARN_OBJC_LITERAL_CONVERSION = YES;
				CLANG_WARN_OBJC_ROOT_CLASS = YES_ERROR;
				CLANG_WARN_QUOTED_INCLUDE_IN_FRAMEWORK_HEADER = YES;
				CLANG_WARN_RANGE_LOOP_ANALYSIS = YES;
				CLANG_WARN_STRICT_PROTOTYPES = YES;
				CLANG_WARN_SUSPICIOUS_MOVE = YES;
				CLANG_WARN_UNGUARDED_AVAILABILITY = YES_AGGRESSIVE;
				CLANG_WARN_UNREACHABLE_CODE = YES;
				CLANG_WARN__DUPLICATE_METHOD_MATCH = YES;
				COPY_PHASE_STRIP = NO;
				DEBUG_INFORMATION_FORMAT = "dwarf-with-dsym";
				ENABLE_NS_ASSERTIONS = NO;
				ENABLE_STRICT_OBJC_MSGSEND = YES;
				ENABLE_USER_SCRIPT_SANDBOXING = YES;
				GCC_C_LANGUAGE_STANDARD = gnu17;
				GCC_NO_COMMON_BLOCKS = YES;
				GCC_WARN_64_TO_32_BIT_CONVERSION = YES;
				GCC_WARN_ABOUT_RETURN_TYPE = YES_ERROR;
				GCC_WARN_UNDECLARED_SELECTOR = YES;
				GCC_WARN_UNINITIALIZED_AUTOS = YES_AGGRESSIVE;
				GCC_WARN_UNUSED_FUNCTION = YES;
				GCC_WARN_UNUSED_VARIABLE = YES;
				IPHONEOS_DEPLOYMENT_TARGET = 18.1;
				LOCALIZATION_PREFERS_STRING_CATALOGS = YES;
				MTL_ENABLE_DEBUG_INFO = NO;
				MTL_FAST_MATH = YES;
				SDKROOT = iphoneos;
				SWIFT_COMPILATION_MODE = wholemodule;
				VALIDATE_PRODUCT = YES;
			};
			name = Release;
		};
		C555470D2D041EED005D5DE9 /* Debug */ = {
			isa = XCBuildConfiguration;
			buildSettings = {
				BUNDLE_LOADER = "$(TEST_HOST)";
				CODE_SIGN_STYLE = Automatic;
				CURRENT_PROJECT_VERSION = 1;
				GENERATE_INFOPLIST_FILE = YES;
				IPHONEOS_DEPLOYMENT_TARGET = 18.1;
				MARKETING_VERSION = 1.0;
				PRODUCT_BUNDLE_IDENTIFIER = com.techcraft.SpotifyTests;
				PRODUCT_NAME = "$(TARGET_NAME)";
				SWIFT_EMIT_LOC_STRINGS = NO;
				SWIFT_VERSION = 5.0;
				TARGETED_DEVICE_FAMILY = "1,2";
				TEST_HOST = "$(BUILT_PRODUCTS_DIR)/Spotify.app/$(BUNDLE_EXECUTABLE_FOLDER_PATH)/Spotify";
			};
			name = Debug;
		};
		C555470E2D041EED005D5DE9 /* Release */ = {
			isa = XCBuildConfiguration;
			buildSettings = {
				BUNDLE_LOADER = "$(TEST_HOST)";
				CODE_SIGN_STYLE = Automatic;
				CURRENT_PROJECT_VERSION = 1;
				GENERATE_INFOPLIST_FILE = YES;
				IPHONEOS_DEPLOYMENT_TARGET = 18.1;
				MARKETING_VERSION = 1.0;
				PRODUCT_BUNDLE_IDENTIFIER = com.techcraft.SpotifyTests;
				PRODUCT_NAME = "$(TARGET_NAME)";
				SWIFT_EMIT_LOC_STRINGS = NO;
				SWIFT_VERSION = 5.0;
				TARGETED_DEVICE_FAMILY = "1,2";
				TEST_HOST = "$(BUILT_PRODUCTS_DIR)/Spotify.app/$(BUNDLE_EXECUTABLE_FOLDER_PATH)/Spotify";
			};
			name = Release;
		};
		C55547102D041EED005D5DE9 /* Debug */ = {
			isa = XCBuildConfiguration;
			buildSettings = {
				CODE_SIGN_STYLE = Automatic;
				CURRENT_PROJECT_VERSION = 1;
				GENERATE_INFOPLIST_FILE = YES;
				MARKETING_VERSION = 1.0;
				PRODUCT_BUNDLE_IDENTIFIER = com.techcraft.SpotifyUITests;
				PRODUCT_NAME = "$(TARGET_NAME)";
				SWIFT_EMIT_LOC_STRINGS = NO;
				SWIFT_VERSION = 5.0;
				TARGETED_DEVICE_FAMILY = "1,2";
				TEST_TARGET_NAME = Spotify;
			};
			name = Debug;
		};
		C55547112D041EED005D5DE9 /* Release */ = {
			isa = XCBuildConfiguration;
			buildSettings = {
				CODE_SIGN_STYLE = Automatic;
				CURRENT_PROJECT_VERSION = 1;
				GENERATE_INFOPLIST_FILE = YES;
				MARKETING_VERSION = 1.0;
				PRODUCT_BUNDLE_IDENTIFIER = com.techcraft.SpotifyUITests;
				PRODUCT_NAME = "$(TARGET_NAME)";
				SWIFT_EMIT_LOC_STRINGS = NO;
				SWIFT_VERSION = 5.0;
				TARGETED_DEVICE_FAMILY = "1,2";
				TEST_TARGET_NAME = Spotify;
			};
			name = Release;
		};
/* End XCBuildConfiguration section */

/* Begin XCConfigurationList section */
		C55546D92D041EEB005D5DE9 /* Build configuration list for PBXProject "Spotify" */ = {
			isa = XCConfigurationList;
			buildConfigurations = (
				C555470A2D041EED005D5DE9 /* Debug */,
				C555470B2D041EED005D5DE9 /* Release */,
			);
			defaultConfigurationIsVisible = 0;
			defaultConfigurationName = Release;
		};
		C55547072D041EED005D5DE9 /* Build configuration list for PBXNativeTarget "Spotify" */ = {
			isa = XCConfigurationList;
			buildConfigurations = (
				C55547082D041EED005D5DE9 /* Debug */,
				C55547092D041EED005D5DE9 /* Release */,
			);
			defaultConfigurationIsVisible = 0;
			defaultConfigurationName = Release;
		};
		C555470C2D041EED005D5DE9 /* Build configuration list for PBXNativeTarget "SpotifyTests" */ = {
			isa = XCConfigurationList;
			buildConfigurations = (
				C555470D2D041EED005D5DE9 /* Debug */,
				C555470E2D041EED005D5DE9 /* Release */,
			);
			defaultConfigurationIsVisible = 0;
			defaultConfigurationName = Release;
		};
		C555470F2D041EED005D5DE9 /* Build configuration list for PBXNativeTarget "SpotifyUITests" */ = {
			isa = XCConfigurationList;
			buildConfigurations = (
				C55547102D041EED005D5DE9 /* Debug */,
				C55547112D041EED005D5DE9 /* Release */,
			);
			defaultConfigurationIsVisible = 0;
			defaultConfigurationName = Release;
		};
/* End XCConfigurationList section */

/* Begin XCRemoteSwiftPackageReference section */
		C5CF8F652D048F6B00D891EA /* XCRemoteSwiftPackageReference "PanModal" */ = {
			isa = XCRemoteSwiftPackageReference;
			repositoryURL = "https://github.com/slackhq/PanModal";
			requirement = {
				kind = upToNextMajorVersion;
				minimumVersion = 1.2.7;
			};
		};
/* End XCRemoteSwiftPackageReference section */

/* Begin XCSwiftPackageProductDependency section */
		C5CF8F672D04901500D891EA /* PanModal */ = {
			isa = XCSwiftPackageProductDependency;
			package = C5CF8F652D048F6B00D891EA /* XCRemoteSwiftPackageReference "PanModal" */;
			productName = PanModal;
		};
/* End XCSwiftPackageProductDependency section */
	};
	rootObject = C55546D62D041EEB005D5DE9 /* Project object */;
}
